
Microsoft Visual Studio Solution File, Format Version 12.00
# Visual Studio Version 16
VisualStudioVersion = 16.0.28917.181
MinimumVisualStudioVersion = 10.0.40219.1
Project("{9A19103F-16F7-4668-BE54-9A1E7A4F7556}") = "AzureFunctions.AspNetConfiguration", "src\AzureFunctions.AspNetConfiguration\AzureFunctions.AspNetConfiguration.csproj", "{925E32E3-2CEC-43F7-81FB-1DA1C957FF2D}"
EndProject
Project("{9A19103F-16F7-4668-BE54-9A1E7A4F7556}") = "SampleFunctionApp", "samples\SampleFunctionApp\SampleFunctionApp.csproj", "{EFAAC03B-D9AF-4CAE-8C85-567B8AAD0AB2}"
EndProject
Project("{9A19103F-16F7-4668-BE54-9A1E7A4F7556}") = "SampleV3FunctionApp", "samples\SampleV3FunctionApp\SampleV3FunctionApp.csproj", "{8C4E174E-AF61-4D26-9001-5EDBED15C049}"
EndProject
Global
	GlobalSection(SolutionConfigurationPlatforms) = preSolution
		Debug|Any CPU = Debug|Any CPU
		Release|Any CPU = Release|Any CPU
	EndGlobalSection
	GlobalSection(ProjectConfigurationPlatforms) = postSolution
		{925E32E3-2CEC-43F7-81FB-1DA1C957FF2D}.Debug|Any CPU.ActiveCfg = Debug|Any CPU
		{925E32E3-2CEC-43F7-81FB-1DA1C957FF2D}.Debug|Any CPU.Build.0 = Debug|Any CPU
		{925E32E3-2CEC-43F7-81FB-1DA1C957FF2D}.Release|Any CPU.ActiveCfg = Release|Any CPU
		{925E32E3-2CEC-43F7-81FB-1DA1C957FF2D}.Release|Any CPU.Build.0 = Release|Any CPU
		{EFAAC03B-D9AF-4CAE-8C85-567B8AAD0AB2}.Debug|Any CPU.ActiveCfg = Debug|Any CPU
		{EFAAC03B-D9AF-4CAE-8C85-567B8AAD0AB2}.Debug|Any CPU.Build.0 = Debug|Any CPU
		{EFAAC03B-D9AF-4CAE-8C85-567B8AAD0AB2}.Release|Any CPU.ActiveCfg = Release|Any CPU
		{EFAAC03B-D9AF-4CAE-8C85-567B8AAD0AB2}.Release|Any CPU.Build.0 = Release|Any CPU
		{8C4E174E-AF61-4D26-9001-5EDBED15C049}.Debug|Any CPU.ActiveCfg = Debug|Any CPU
		{8C4E174E-AF61-4D26-9001-5EDBED15C049}.Debug|Any CPU.Build.0 = Debug|Any CPU
		{8C4E174E-AF61-4D26-9001-5EDBED15C049}.Release|Any CPU.ActiveCfg = Release|Any CPU
		{8C4E174E-AF61-4D26-9001-5EDBED15C049}.Release|Any CPU.Build.0 = Release|Any CPU
	EndGlobalSection
	GlobalSection(SolutionProperties) = preSolution
		HideSolutionNode = FALSE
	EndGlobalSection
	GlobalSection(ExtensibilityGlobals) = postSolution
		SolutionGuid = {E57BADDC-AEF3-42D5-9362-5020C01E4C01}
	EndGlobalSection
EndGlobal
