
Microsoft Visual Studio Solution File, Format Version 12.00
# Visual Studio Version 16
VisualStudioVersion = 16.0.28917.181
MinimumVisualStudioVersion = 10.0.40219.1
Project("{FAE04EC0-301F-11D3-BF4B-00C04F79EFBC}") = "Functions.AspNetConfiguration", "Functions.AspNetConfiguration\Functions.AspNetConfiguration.csproj", "{C28A091E-00E7-4F9C-8B40-8C6AE663013A}"
EndProject
Project("{FAE04EC0-301F-11D3-BF4B-00C04F79EFBC}") = "SampleFunctionApp", "SampleFunctionApp\SampleFunctionApp.csproj", "{8759919C-CBF6-4B06-8B48-E405D2206C3D}"
EndProject
Global
	GlobalSection(SolutionConfigurationPlatforms) = preSolution
		Debug|Any CPU = Debug|Any CPU
		Release|Any CPU = Release|Any CPU
	EndGlobalSection
	GlobalSection(ProjectConfigurationPlatforms) = postSolution
		{C28A091E-00E7-4F9C-8B40-8C6AE663013A}.Debug|Any CPU.ActiveCfg = Debug|Any CPU
		{C28A091E-00E7-4F9C-8B40-8C6AE663013A}.Debug|Any CPU.Build.0 = Debug|Any CPU
		{C28A091E-00E7-4F9C-8B40-8C6AE663013A}.Release|Any CPU.ActiveCfg = Release|Any CPU
		{C28A091E-00E7-4F9C-8B40-8C6AE663013A}.Release|Any CPU.Build.0 = Release|Any CPU
		{8759919C-CBF6-4B06-8B48-E405D2206C3D}.Debug|Any CPU.ActiveCfg = Debug|Any CPU
		{8759919C-CBF6-4B06-8B48-E405D2206C3D}.Debug|Any CPU.Build.0 = Debug|Any CPU
		{8759919C-CBF6-4B06-8B48-E405D2206C3D}.Release|Any CPU.ActiveCfg = Release|Any CPU
		{8759919C-CBF6-4B06-8B48-E405D2206C3D}.Release|Any CPU.Build.0 = Release|Any CPU
	EndGlobalSection
	GlobalSection(SolutionProperties) = preSolution
		HideSolutionNode = FALSE
	EndGlobalSection
	GlobalSection(ExtensibilityGlobals) = postSolution
		SolutionGuid = {E57BADDC-AEF3-42D5-9362-5020C01E4C01}
	EndGlobalSection
EndGlobal
